
Microsoft Visual Studio Solution File, Format Version 12.00
# Visual Studio Version 17
VisualStudioVersion = 17.14.36310.24 d17.14
MinimumVisualStudioVersion = 10.0.40219.1
Project("{FAE04EC0-301F-11D3-BF4B-00C04F79EFBC}") = "Ecommerce", "Ecommerce\Ecommerce.csproj", "{43579D2E-41C6-4735-8639-0D12D784E1AB}"
EndProject
Global
	GlobalSection(SolutionConfigurationPlatforms) = preSolution
		Debug|Any CPU = Debug|Any CPU
		Release|Any CPU = Release|Any CPU
	EndGlobalSection
	GlobalSection(ProjectConfigurationPlatforms) = postSolution
		{43579D2E-41C6-4735-8639-0D12D784E1AB}.Debug|Any CPU.ActiveCfg = Debug|Any CPU
		{43579D2E-41C6-4735-8639-0D12D784E1AB}.Debug|Any CPU.Build.0 = Debug|Any CPU
		{43579D2E-41C6-4735-8639-0D12D784E1AB}.Release|Any CPU.ActiveCfg = Release|Any CPU
		{43579D2E-41C6-4735-8639-0D12D784E1AB}.Release|Any CPU.Build.0 = Release|Any CPU
	EndGlobalSection
	GlobalSection(SolutionProperties) = preSolution
		HideSolutionNode = FALSE
	EndGlobalSection
	GlobalSection(ExtensibilityGlobals) = postSolution
		SolutionGuid = {68365092-F2B0-4B53-8B94-2571D28F1B02}
	EndGlobalSection
EndGlobal
